<?xml version="1.0" encoding="utf-8"?>
<Project ToolsVersion="4.0" xmlns="http://schemas.microsoft.com/developer/msbuild/2003">
  <ItemGroup>
    <ClCompile Include="..\source\SimpleAST.cpp" />
    <ClCompile Include="..\source\SimpleLexer.cpp" />
    <ClCompile Include="..\source\SimpleParser.cpp" />
    <ClCompile Include="..\source\PKB\PKBGroup.cpp" />
    <ClCompile Include="..\source\PKB\PKB.cpp" />
    <ClCompile Include="..\source\PKB\PQLEvaluator.cpp" />
    <ClCompile Include="..\source\PKB\Statement.cpp" />
    <ClCompile Include="..\source\PKB\PKBVariable.cpp" />
    <ClCompile Include="..\source\PQLLexer.cpp" />
    <ClCompile Include="..\source\PQLParser.cpp" />
    <ClCompile Include="..\source\PQLProcessor.cpp" />
  </ItemGroup>
  <ItemGroup>
    <ClInclude Include="..\source\PQLLexer.h" />
    <ClInclude Include="..\source\PQLParser.h" />
    <ClInclude Include="..\source\SimpleAST.h" />
    <ClInclude Include="..\source\PKB\PKBGroup.h" />
    <ClInclude Include="..\source\PKB\PKB.h" />
    <ClInclude Include="..\source\PKB\PQLEvaluator.h" />
    <ClInclude Include="..\source\PKB\PKBStatement.h" />
    <ClInclude Include="..\source\PKB\PKBDesignEntity.h" />
    <ClInclude Include="..\source\PKB\PKBVariable.h" />
    <ClInclude Include="..\source\SimpleLexer.h" />
    <ClInclude Include="..\source\SimpleParser.h" />
    <ClInclude Include="..\source\PQLProcessor.h" />
  </ItemGroup>
</Project>
