<?xml version="1.0" encoding="utf-8"?>
<Project ToolsVersion="4.0" xmlns="http://schemas.microsoft.com/developer/msbuild/2003">
  <ItemGroup>
    <ClCompile Include="..\source\SimpleAST.cpp" />
    <ClCompile Include="..\source\SimpleLexer.cpp" />
    <ClCompile Include="..\source\SimpleParser.cpp" />
    <ClCompile Include="..\source\PKB\PKBGroup.cpp" />
    <ClCompile Include="..\source\PKB\PKB.cpp" />
    <ClCompile Include="..\source\PKB\PKBPQLEvaluator.cpp" />
    <ClCompile Include="..\source\PKB\PKBVariable.cpp" />
    <ClCompile Include="..\source\PQL\PQLLexer.cpp" />
    <ClCompile Include="..\source\PQL\PQLParser.cpp" />
    <ClCompile Include="..\source\PQL\PQLProcessor.cpp" />
    <ClCompile Include="..\source\PKB\PKBStmt.cpp" />
    <ClCompile Include="..\source\PKB\PKBProcedure.cpp" />
    <ClCompile Include="..\source\Source.cpp" />
    <ClCompile Include="..\source\CFG.cpp" />
    <ClCompile Include="..\source\PQL\PQLOptimizer.cpp" />
    <ClCompile Include="..\source\PQL\PQLClauseHandler.cpp" />
    <ClCompile Include="..\source\PQL\PQLPatternHandler.cpp" />
    <ClCompile Include="..\source\PQL\PQLWithHandler.cpp" />
    <ClCompile Include="..\source\PQL\PQLSuchThatHandler.cpp" />
    <ClCompile Include="..\source\PQL\PQLFollowsParentNextAffectsHandler.cpp" />
    <ClCompile Include="..\source\PQL\PQLNextHandler.cpp" />
    <ClCompile Include="..\source\PQL\PQLNextTHandler.cpp" />
    <ClCompile Include="..\source\PQL\PQLNextBipHandler.cpp" />
    <ClCompile Include="..\source\PQL\PQLNextBipTHandler.cpp" />
    <ClCompile Include="..\source\PQL\PQLAffectsHandler.cpp" />
    <ClCompile Include="..\source\PQL\PQLAffectsTHandler.cpp" />
    <ClCompile Include="..\source\PQL\PQLAffectsBipHandler.cpp" />
    <ClCompile Include="..\source\PQL\PQLAffectsBipTHandler.cpp" />
    <ClCompile Include="..\source\PQL\PQLUsesModifiesSHandler.cpp" />
    <ClCompile Include="..\source\PQL\PQLUsesModifiesPHandler.cpp" />
    <ClCompile Include="..\source\PQL\PQLUsesSHandler.cpp" />
    <ClCompile Include="..\source\PQL\PQLModifiesSHandler.cpp" />
    <ClCompile Include="..\source\PQL\PQLModifiesPHandler.cpp" />
    <ClCompile Include="..\source\PQL\PQLUsesPHandler.cpp" />
    <ClCompile Include="..\source\PQL\PQLFollowsHandler.cpp" />
    <ClCompile Include="..\source\PQL\PQLFollowsTHandler.cpp" />
    <ClCompile Include="..\source\PQL\PQLParentHandler.cpp" />
    <ClCompile Include="..\source\PQL\PQLParentTHandler.cpp" />
    <ClCompile Include="..\source\PQL\PQLCallsCallsTHandler.cpp" />
    <ClCompile Include="..\source\PQL\PQLCallsHandler.cpp" />
    <ClCompile Include="..\source\PQL\PQLCallsTHandler.cpp" />
    <ClCompile Include="..\source\PQL\PQLAST.cpp" />
    <ClCompile Include="..\source\PKB\PKBPQLAffectsHandler.cpp" />
    <ClCompile Include="..\source\PKB\PKBPQLAffectsBipHandler.cpp" />
    <ClCompile Include="..\source\PKB\PKBPQLFollowsHandler.cpp" />
  </ItemGroup>
  <ItemGroup>
    <ClInclude Include="..\source\PQL\PQLLexer.h" />
    <ClInclude Include="..\source\PQL\PQLParser.h" />
    <ClInclude Include="..\source\SimpleAST.h" />
    <ClInclude Include="..\source\PKB\PKBGroup.h" />
    <ClInclude Include="..\source\PKB\PKB.h" />
    <ClInclude Include="..\source\PKB\PKBPQLEvaluator.h" />
    <ClInclude Include="..\source\PKB\PKBDesignEntity.h" />
    <ClInclude Include="..\source\PKB\PKBVariable.h" />
    <ClInclude Include="..\source\SimpleLexer.h" />
    <ClInclude Include="..\source\SimpleParser.h" />
    <ClInclude Include="..\source\PQL\PQLProcessor.h" />
    <ClInclude Include="..\source\PQL\PQLProcessorUtils.h" />
    <ClInclude Include="..\source\PQL\PQLOptimizerUtils.h" />
    <ClInclude Include="..\source\PQL\PQLResultTuple.h" />
    <ClInclude Include="..\source\PKB\PKBStmt.h" />
    <ClInclude Include="..\source\PKB\PKBProcedure.h" />
    <ClInclude Include="..\source\PQL\PQLOptimizer.h" />
    <ClInclude Include="..\source\CFG.h" />
    <ClInclude Include="..\source\PQL\PQLClauseHandler.h" />
    <ClInclude Include="..\source\PQL\PQLWithHandler.h" />
    <ClInclude Include="..\source\PQL\PQLPatternHandler.h" />
    <ClInclude Include="..\source\PQL\PQLSuchThatHandler.h" />
    <ClInclude Include="..\source\PQL\PQLUsesModifiesSHandler.h" />
    <ClInclude Include="..\source\PQL\PQLUsesModifiesPHandler.h" />
    <ClInclude Include="..\source\PQL\PQLUsesSHandler.h" />
    <ClInclude Include="..\source\PQL\PQLModifiesSHandler.h" />
    <ClInclude Include="..\source\PQL\PQLModifiesPHandler.h" />
    <ClInclude Include="..\source\PQL\PQLUsesPHandler.h" />
    <ClInclude Include="..\source\PQL\PQLFollowsHandler.h" />
    <ClInclude Include="..\source\PQL\PQLFollowsTHandler.h" />
    <ClInclude Include="..\source\PQL\PQLParentHandler.h" />
    <ClInclude Include="..\source\PQL\PQLParentTHandler.h" />
    <ClInclude Include="..\source\PQL\PQLFollowsParentNextAffectsHandler.h" />
    <ClInclude Include="..\source\PQL\PQLNextHandler.h" />
    <ClInclude Include="..\source\PQL\PQLNextTHandler.h" />
    <ClInclude Include="..\source\PQL\PQLNextBipHandler.h" />
    <ClInclude Include="..\source\PQL\PQLNextBipTHandler.h" />
    <ClInclude Include="..\source\PQL\PQLAffectsHandler.h" />
    <ClInclude Include="..\source\PQL\PQLAffectsTHandler.h" />
    <ClInclude Include="..\source\PQL\PQLAffectsBipHandler.h" />
    <ClInclude Include="..\source\PQL\PQLAffectsBipTHandler.h" />
    <ClInclude Include="..\source\PQL\PQLCallsCallsTHandler.h" />
    <ClInclude Include="..\source\PQL\PQLCallsHandler.h" />
    <ClInclude Include="..\source\PQL\PQLCallsTHandler.h" />
    <ClInclude Include="..\source\PQL\PQLAST.h" />
    <ClInclude Include="..\source\PKB\PKBPQLAffectsHandler.h" />
    <ClInclude Include="..\source\PKB\PKBPQLAffectsBipHandler.h" />
    <ClInclude Include="..\source\PKB\PKBPQLFollowsHandler.h" />
  </ItemGroup>
</Project>